PODS:
  - GPUImage (0.1.6)
  - NSRunLoop+PerformBlock (0.2.0)
  - NYXImagesKit (2.3)
  - YSProcessTimer (0.0.10)
  - YSUIKitAdditions (0.0.20)

DEPENDENCIES:
  - GPUImage
  - NSRunLoop+PerformBlock
  - NYXImagesKit
  - YSProcessTimer
  - YSUIKitAdditions

SPEC CHECKSUMS:
  GPUImage: cecb0830bb9428f50192042e3c7b53810f51388e
  NSRunLoop+PerformBlock: 97e4339572c5481d9051cdc13b06b088fa449ae2
  NYXImagesKit: 1c9f228ae78fab475d267b3b3a1308e0fba11731
  YSProcessTimer: a2f0956ee12e5f9af4c211326e8d864a23ddfdb7
  YSUIKitAdditions: 9bf493546d882acc409123a9532aba4233f73290

COCOAPODS: 0.35.0
